
Microsoft Visual Studio Solution File, Format Version 12.00
# Visual Studio 2013
VisualStudioVersion = 12.0.31101.0
MinimumVisualStudioVersion = 10.0.40219.1
Project("{FAE04EC0-301F-11D3-BF4B-00C04F79EFBC}") = "HZGZDL.YZFJKGZXFXY.UI", "HZGZDL.YZFJKGZXFXY.UI\HZGZDL.YZFJKGZXFXY.UI.csproj", "{7F8B4109-65A1-4BF4-91E4-D98B13488966}"
	ProjectSection(ProjectDependencies) = postProject
		{C9E43C06-43C3-4AF2-8005-2764F62814A9} = {C9E43C06-43C3-4AF2-8005-2764F62814A9}
		{84FA2B1C-CFB0-4EC7-8E98-7A7FD04B475B} = {84FA2B1C-CFB0-4EC7-8E98-7A7FD04B475B}
		{E36A8338-02AC-4836-A9E4-6506606DDB24} = {E36A8338-02AC-4836-A9E4-6506606DDB24}
		{5D7478CE-BD62-4E06-BB87-7EBDC79AE4A2} = {5D7478CE-BD62-4E06-BB87-7EBDC79AE4A2}
	EndProjectSection
EndProject
Project("{FAE04EC0-301F-11D3-BF4B-00C04F79EFBC}") = "HZGZDL.YZFJKGZXFXY.Model", "HZGZDL.YZFJKGZXFXY.Model\HZGZDL.YZFJKGZXFXY.Model.csproj", "{84FA2B1C-CFB0-4EC7-8E98-7A7FD04B475B}"
EndProject
Project("{FAE04EC0-301F-11D3-BF4B-00C04F79EFBC}") = "HZGZDL.YZFJKGZXFXY.DEL", "HZGZDL.YZFJKGZXFXY.DEL\HZGZDL.YZFJKGZXFXY.DEL.csproj", "{C9E43C06-43C3-4AF2-8005-2764F62814A9}"
EndProject
Project("{FAE04EC0-301F-11D3-BF4B-00C04F79EFBC}") = "HZGZDL.YZFJKGZXFXY.BLL", "HZGZDL.YZFJKGZXFXY.BLL\HZGZDL.YZFJKGZXFXY.BLL.csproj", "{E36A8338-02AC-4836-A9E4-6506606DDB24}"
EndProject
Project("{FAE04EC0-301F-11D3-BF4B-00C04F79EFBC}") = "HZGZDL.YZFJKGZXFXY.Common", "HZGZDL.YZFJKGZXFXY.Common\HZGZDL.YZFJKGZXFXY.Common.csproj", "{5D7478CE-BD62-4E06-BB87-7EBDC79AE4A2}"
EndProject
Global
	GlobalSection(SolutionConfigurationPlatforms) = preSolution
		Debug|Any CPU = Debug|Any CPU
		Release|Any CPU = Release|Any CPU
	EndGlobalSection
	GlobalSection(ProjectConfigurationPlatforms) = postSolution
		{7F8B4109-65A1-4BF4-91E4-D98B13488966}.Debug|Any CPU.ActiveCfg = Debug|Any CPU
		{7F8B4109-65A1-4BF4-91E4-D98B13488966}.Debug|Any CPU.Build.0 = Debug|Any CPU
		{7F8B4109-65A1-4BF4-91E4-D98B13488966}.Release|Any CPU.ActiveCfg = Release|Any CPU
		{7F8B4109-65A1-4BF4-91E4-D98B13488966}.Release|Any CPU.Build.0 = Release|Any CPU
		{84FA2B1C-CFB0-4EC7-8E98-7A7FD04B475B}.Debug|Any CPU.ActiveCfg = Debug|Any CPU
		{84FA2B1C-CFB0-4EC7-8E98-7A7FD04B475B}.Debug|Any CPU.Build.0 = Debug|Any CPU
		{84FA2B1C-CFB0-4EC7-8E98-7A7FD04B475B}.Release|Any CPU.ActiveCfg = Release|Any CPU
		{84FA2B1C-CFB0-4EC7-8E98-7A7FD04B475B}.Release|Any CPU.Build.0 = Release|Any CPU
		{C9E43C06-43C3-4AF2-8005-2764F62814A9}.Debug|Any CPU.ActiveCfg = Debug|Any CPU
		{C9E43C06-43C3-4AF2-8005-2764F62814A9}.Debug|Any CPU.Build.0 = Debug|Any CPU
		{C9E43C06-43C3-4AF2-8005-2764F62814A9}.Release|Any CPU.ActiveCfg = Release|Any CPU
		{C9E43C06-43C3-4AF2-8005-2764F62814A9}.Release|Any CPU.Build.0 = Release|Any CPU
		{E36A8338-02AC-4836-A9E4-6506606DDB24}.Debug|Any CPU.ActiveCfg = Debug|Any CPU
		{E36A8338-02AC-4836-A9E4-6506606DDB24}.Debug|Any CPU.Build.0 = Debug|Any CPU
		{E36A8338-02AC-4836-A9E4-6506606DDB24}.Release|Any CPU.ActiveCfg = Release|Any CPU
		{E36A8338-02AC-4836-A9E4-6506606DDB24}.Release|Any CPU.Build.0 = Release|Any CPU
		{5D7478CE-BD62-4E06-BB87-7EBDC79AE4A2}.Debug|Any CPU.ActiveCfg = Debug|Any CPU
		{5D7478CE-BD62-4E06-BB87-7EBDC79AE4A2}.Debug|Any CPU.Build.0 = Debug|Any CPU
		{5D7478CE-BD62-4E06-BB87-7EBDC79AE4A2}.Release|Any CPU.ActiveCfg = Release|Any CPU
		{5D7478CE-BD62-4E06-BB87-7EBDC79AE4A2}.Release|Any CPU.Build.0 = Release|Any CPU
	EndGlobalSection
	GlobalSection(SolutionProperties) = preSolution
		HideSolutionNode = FALSE
	EndGlobalSection
EndGlobal
